PODS:
  - MergedPods (1.0.0)

DEPENDENCIES:
  - MergedPods (from `MergedPods/MergedPods`)

EXTERNAL SOURCES:
  MergedPods:
    :path: MergedPods/MergedPods

SPEC CHECKSUMS:
  MergedPods: 827eea40b10a2ccd04de3f5c500cbfecee546486

PODFILE CHECKSUM: f6655e104876c51366ce57d3fec70d78aecc3030

COCOAPODS: 1.9.3
